{
  "name": "demo-app",
  "version": "1.0.0",
  "lockfileVersion": 3,
  "requires": true,
  "packages": {
    "": {
      "name": "demo-app",
      "version": "1.0.0",
      "license": "ISC",
      "dependencies": {
        "@qualiture/hello-world": "^1.0.0"
      }
    },
    "node_modules/@qualiture/hello-world": {
      "version": "1.0.1",
      "resolved": "https://registry.npmjs.org/@qualiture/hello-world/-/hello-world-1.0.1.tgz",
      "integrity": "sha512-eHLoSy1+gatU6thHM82OKEEtWIV2l47ThYpUGADSMNeeAtIUUS9UgNFH5vLVfc+ImZfBe66fX5GeNrmjIHzIEw=="
    }
  }
}
